// !$*UTF8*$!
{
	archiveVersion = 1;
	classes = {
	};
	objectVersion = 56;
	objects = {

/* Begin PBXBuildFile section */
		E9A916BD29A5A6AF00471480 /* hw3App.swift in Sources */ = {isa = PBXBuildFile; fileRef = E9A916BC29A5A6AF00471480 /* hw3App.swift */; };
		E9A916BF29A5A6AF00471480 /* ContentView.swift in Sources */ = {isa = PBXBuildFile; fileRef = E9A916BE29A5A6AF00471480 /* ContentView.swift */; };
		E9A916C129A5A6B100471480 /* Assets.xcassets in Resources */ = {isa = PBXBuildFile; fileRef = E9A916C029A5A6B100471480 /* Assets.xcassets */; };
		E9A916C429A5A6B100471480 /* Preview Assets.xcassets in Resources */ = {isa = PBXBuildFile; fileRef = E9A916C329A5A6B100471480 /* Preview Assets.xcassets */; };
		E9A916CE29A5A6B200471480 /* hw3Tests.swift in Sources */ = {isa = PBXBuildFile; fileRef = E9A916CD29A5A6B200471480 /* hw3Tests.swift */; };
		E9A916D829A5A6B200471480 /* hw3UITests.swift in Sources */ = {isa = PBXBuildFile; fileRef = E9A916D729A5A6B200471480 /* hw3UITests.swift */; };
		E9A916DA29A5A6B200471480 /* hw3UITestsLaunchTests.swift in Sources */ = {isa = PBXBuildFile; fileRef = E9A916D929A5A6B200471480 /* hw3UITestsLaunchTests.swift */; };
/* End PBXBuildFile section */

/* Begin PBXContainerItemProxy section */
		E9A916CA29A5A6B200471480 /* PBXContainerItemProxy */ = {
			isa = PBXContainerItemProxy;
			containerPortal = E9A916B129A5A6AF00471480 /* Project object */;
			proxyType = 1;
			remoteGlobalIDString = E9A916B829A5A6AF00471480;
			remoteInfo = hw3;
		};
		E9A916D429A5A6B200471480 /* PBXContainerItemProxy */ = {
			isa = PBXContainerItemProxy;
			containerPortal = E9A916B129A5A6AF00471480 /* Project object */;
			proxyType = 1;
			remoteGlobalIDString = E9A916B829A5A6AF00471480;
			remoteInfo = hw3;
		};
/* End PBXContainerItemProxy section */

/* Begin PBXFileReference section */
		E9A916B929A5A6AF00471480 /* hw3.app */ = {isa = PBXFileReference; explicitFileType = wrapper.application; includeInIndex = 0; path = hw3.app; sourceTree = BUILT_PRODUCTS_DIR; };
		E9A916BC29A5A6AF00471480 /* hw3App.swift */ = {isa = PBXFileReference; lastKnownFileType = sourcecode.swift; path = hw3App.swift; sourceTree = "<group>"; };
		E9A916BE29A5A6AF00471480 /* ContentView.swift */ = {isa = PBXFileReference; lastKnownFileType = sourcecode.swift; path = ContentView.swift; sourceTree = "<group>"; };
		E9A916C029A5A6B100471480 /* Assets.xcassets */ = {isa = PBXFileReference; lastKnownFileType = folder.assetcatalog; path = Assets.xcassets; sourceTree = "<group>"; };
		E9A916C329A5A6B100471480 /* Preview Assets.xcassets */ = {isa = PBXFileReference; lastKnownFileType = folder.assetcatalog; path = "Preview Assets.xcassets"; sourceTree = "<group>"; };
		E9A916C929A5A6B200471480 /* hw3Tests.xctest */ = {isa = PBXFileReference; explicitFileType = wrapper.cfbundle; includeInIndex = 0; path = hw3Tests.xctest; sourceTree = BUILT_PRODUCTS_DIR; };
		E9A916CD29A5A6B200471480 /* hw3Tests.swift */ = {isa = PBXFileReference; lastKnownFileType = sourcecode.swift; path = hw3Tests.swift; sourceTree = "<group>"; };
		E9A916D329A5A6B200471480 /* hw3UITests.xctest */ = {isa = PBXFileReference; explicitFileType = wrapper.cfbundle; includeInIndex = 0; path = hw3UITests.xctest; sourceTree = BUILT_PRODUCTS_DIR; };
		E9A916D729A5A6B200471480 /* hw3UITests.swift */ = {isa = PBXFileReference; lastKnownFileType = sourcecode.swift; path = hw3UITests.swift; sourceTree = "<group>"; };
		E9A916D929A5A6B200471480 /* hw3UITestsLaunchTests.swift */ = {isa = PBXFileReference; lastKnownFileType = sourcecode.swift; path = hw3UITestsLaunchTests.swift; sourceTree = "<group>"; };
/* End PBXFileReference section */

/* Begin PBXFrameworksBuildPhase section */
		E9A916B629A5A6AF00471480 /* Frameworks */ = {
			isa = PBXFrameworksBuildPhase;
			buildActionMask = 2147483647;
			files = (
			);
			runOnlyForDeploymentPostprocessing = 0;
		};
		E9A916C629A5A6B200471480 /* Frameworks */ = {
			isa = PBXFrameworksBuildPhase;
			buildActionMask = 2147483647;
			files = (
			);
			runOnlyForDeploymentPostprocessing = 0;
		};
		E9A916D029A5A6B200471480 /* Frameworks */ = {
			isa = PBXFrameworksBuildPhase;
			buildActionMask = 2147483647;
			files = (
			);
			runOnlyForDeploymentPostprocessing = 0;
		};
/* End PBXFrameworksBuildPhase section */

/* Begin PBXGroup section */
		E9A916B029A5A6AF00471480 = {
			isa = PBXGroup;
			children = (
				E9A916BB29A5A6AF00471480 /* hw3 */,
				E9A916CC29A5A6B200471480 /* hw3Tests */,
				E9A916D629A5A6B200471480 /* hw3UITests */,
				E9A916BA29A5A6AF00471480 /* Products */,
			);
			sourceTree = "<group>";
		};
		E9A916BA29A5A6AF00471480 /* Products */ = {
			isa = PBXGroup;
			children = (
				E9A916B929A5A6AF00471480 /* hw3.app */,
				E9A916C929A5A6B200471480 /* hw3Tests.xctest */,
				E9A916D329A5A6B200471480 /* hw3UITests.xctest */,
			);
			name = Products;
			sourceTree = "<group>";
		};
		E9A916BB29A5A6AF00471480 /* hw3 */ = {
			isa = PBXGroup;
			children = (
				E9A916BC29A5A6AF00471480 /* hw3App.swift */,
				E9A916BE29A5A6AF00471480 /* ContentView.swift */,
				E9A916C029A5A6B100471480 /* Assets.xcassets */,
				E9A916C229A5A6B100471480 /* Preview Content */,
			);
			path = hw3;
			sourceTree = "<group>";
		};
		E9A916C229A5A6B100471480 /* Preview Content */ = {
			isa = PBXGroup;
			children = (
				E9A916C329A5A6B100471480 /* Preview Assets.xcassets */,
			);
			path = "Preview Content";
			sourceTree = "<group>";
		};
		E9A916CC29A5A6B200471480 /* hw3Tests */ = {
			isa = PBXGroup;
			children = (
				E9A916CD29A5A6B200471480 /* hw3Tests.swift */,
			);
			path = hw3Tests;
			sourceTree = "<group>";
		};
		E9A916D629A5A6B200471480 /* hw3UITests */ = {
			isa = PBXGroup;
			children = (
				E9A916D729A5A6B200471480 /* hw3UITests.swift */,
				E9A916D929A5A6B200471480 /* hw3UITestsLaunchTests.swift */,
			);
			path = hw3UITests;
			sourceTree = "<group>";
		};
/* End PBXGroup section */

/* Begin PBXNativeTarget section */
		E9A916B829A5A6AF00471480 /* hw3 */ = {
			isa = PBXNativeTarget;
			buildConfigurationList = E9A916DD29A5A6B200471480 /* Build configuration list for PBXNativeTarget "hw3" */;
			buildPhases = (
				E9A916B529A5A6AF00471480 /* Sources */,
				E9A916B629A5A6AF00471480 /* Frameworks */,
				E9A916B729A5A6AF00471480 /* Resources */,
			);
			buildRules = (
			);
			dependencies = (
			);
			name = hw3;
			productName = hw3;
			productReference = E9A916B929A5A6AF00471480 /* hw3.app */;
			productType = "com.apple.product-type.application";
		};
		E9A916C829A5A6B200471480 /* hw3Tests */ = {
			isa = PBXNativeTarget;
			buildConfigurationList = E9A916E029A5A6B200471480 /* Build configuration list for PBXNativeTarget "hw3Tests" */;
			buildPhases = (
				E9A916C529A5A6B200471480 /* Sources */,
				E9A916C629A5A6B200471480 /* Frameworks */,
				E9A916C729A5A6B200471480 /* Resources */,
			);
			buildRules = (
			);
			dependencies = (
				E9A916CB29A5A6B200471480 /* PBXTargetDependency */,
			);
			name = hw3Tests;
			productName = hw3Tests;
			productReference = E9A916C929A5A6B200471480 /* hw3Tests.xctest */;
			productType = "com.apple.product-type.bundle.unit-test";
		};
		E9A916D229A5A6B200471480 /* hw3UITests */ = {
			isa = PBXNativeTarget;
			buildConfigurationList = E9A916E329A5A6B200471480 /* Build configuration list for PBXNativeTarget "hw3UITests" */;
			buildPhases = (
				E9A916CF29A5A6B200471480 /* Sources */,
				E9A916D029A5A6B200471480 /* Frameworks */,
				E9A916D129A5A6B200471480 /* Resources */,
			);
			buildRules = (
			);
			dependencies = (
				E9A916D529A5A6B200471480 /* PBXTargetDependency */,
			);
			name = hw3UITests;
			productName = hw3UITests;
			productReference = E9A916D329A5A6B200471480 /* hw3UITests.xctest */;
			productType = "com.apple.product-type.bundle.ui-testing";
		};
/* End PBXNativeTarget section */

/* Begin PBXProject section */
		E9A916B129A5A6AF00471480 /* Project object */ = {
			isa = PBXProject;
			attributes = {
				BuildIndependentTargetsInParallel = 1;
				LastSwiftUpdateCheck = 1420;
				LastUpgradeCheck = 1420;
				TargetAttributes = {
					E9A916B829A5A6AF00471480 = {
						CreatedOnToolsVersion = 14.2;
					};
					E9A916C829A5A6B200471480 = {
						CreatedOnToolsVersion = 14.2;
						TestTargetID = E9A916B829A5A6AF00471480;
					};
					E9A916D229A5A6B200471480 = {
						CreatedOnToolsVersion = 14.2;
						TestTargetID = E9A916B829A5A6AF00471480;
					};
				};
			};
			buildConfigurationList = E9A916B429A5A6AF00471480 /* Build configuration list for PBXProject "hw3" */;
			compatibilityVersion = "Xcode 14.0";
			developmentRegion = en;
			hasScannedForEncodings = 0;
			knownRegions = (
				en,
				Base,
			);
			mainGroup = E9A916B029A5A6AF00471480;
			productRefGroup = E9A916BA29A5A6AF00471480 /* Products */;
			projectDirPath = "";
			projectRoot = "";
			targets = (
				E9A916B829A5A6AF00471480 /* hw3 */,
				E9A916C829A5A6B200471480 /* hw3Tests */,
				E9A916D229A5A6B200471480 /* hw3UITests */,
			);
		};
/* End PBXProject section */

/* Begin PBXResourcesBuildPhase section */
		E9A916B729A5A6AF00471480 /* Resources */ = {
			isa = PBXResourcesBuildPhase;
			buildActionMask = 2147483647;
			files = (
				E9A916C429A5A6B100471480 /* Preview Assets.xcassets in Resources */,
				E9A916C129A5A6B100471480 /* Assets.xcassets in Resources */,
			);
			runOnlyForDeploymentPostprocessing = 0;
		};
		E9A916C729A5A6B200471480 /* Resources */ = {
			isa = PBXResourcesBuildPhase;
			buildActionMask = 2147483647;
			files = (
			);
			runOnlyForDeploymentPostprocessing = 0;
		};
		E9A916D129A5A6B200471480 /* Resources */ = {
			isa = PBXResourcesBuildPhase;
			buildActionMask = 2147483647;
			files = (
			);
			runOnlyForDeploymentPostprocessing = 0;
		};
/* End PBXResourcesBuildPhase section */

/* Begin PBXSourcesBuildPhase section */
		E9A916B529A5A6AF00471480 /* Sources */ = {
			isa = PBXSourcesBuildPhase;
			buildActionMask = 2147483647;
			files = (
				E9A916BF29A5A6AF00471480 /* ContentView.swift in Sources */,
				E9A916BD29A5A6AF00471480 /* hw3App.swift in Sources */,
			);
			runOnlyForDeploymentPostprocessing = 0;
		};
		E9A916C529A5A6B200471480 /* Sources */ = {
			isa = PBXSourcesBuildPhase;
			buildActionMask = 2147483647;
			files = (
				E9A916CE29A5A6B200471480 /* hw3Tests.swift in Sources */,
			);
			runOnlyForDeploymentPostprocessing = 0;
		};
		E9A916CF29A5A6B200471480 /* Sources */ = {
			isa = PBXSourcesBuildPhase;
			buildActionMask = 2147483647;
			files = (
				E9A916D829A5A6B200471480 /* hw3UITests.swift in Sources */,
				E9A916DA29A5A6B200471480 /* hw3UITestsLaunchTests.swift in Sources */,
			);
			runOnlyForDeploymentPostprocessing = 0;
		};
/* End PBXSourcesBuildPhase section */

/* Begin PBXTargetDependency section */
		E9A916CB29A5A6B200471480 /* PBXTargetDependency */ = {
			isa = PBXTargetDependency;
			target = E9A916B829A5A6AF00471480 /* hw3 */;
			targetProxy = E9A916CA29A5A6B200471480 /* PBXContainerItemProxy */;
		};
		E9A916D529A5A6B200471480 /* PBXTargetDependency */ = {
			isa = PBXTargetDependency;
			target = E9A916B829A5A6AF00471480 /* hw3 */;
			targetProxy = E9A916D429A5A6B200471480 /* PBXContainerItemProxy */;
		};
/* End PBXTargetDependency section */

/* Begin XCBuildConfiguration section */
		E9A916DB29A5A6B200471480 /* Debug */ = {
			isa = XCBuildConfiguration;
			buildSettings = {
				ALWAYS_SEARCH_USER_PATHS = NO;
				CLANG_ANALYZER_NONNULL = YES;
				CLANG_ANALYZER_NUMBER_OBJECT_CONVERSION = YES_AGGRESSIVE;
				CLANG_CXX_LANGUAGE_STANDARD = "gnu++20";
				CLANG_ENABLE_MODULES = YES;
				CLANG_ENABLE_OBJC_ARC = YES;
				CLANG_ENABLE_OBJC_WEAK = YES;
				CLANG_WARN_BLOCK_CAPTURE_AUTORELEASING = YES;
				CLANG_WARN_BOOL_CONVERSION = YES;
				CLANG_WARN_COMMA = YES;
				CLANG_WARN_CONSTANT_CONVERSION = YES;
				CLANG_WARN_DEPRECATED_OBJC_IMPLEMENTATIONS = YES;
				CLANG_WARN_DIRECT_OBJC_ISA_USAGE = YES_ERROR;
				CLANG_WARN_DOCUMENTATION_COMMENTS = YES;
				CLANG_WARN_EMPTY_BODY = YES;
				CLANG_WARN_ENUM_CONVERSION = YES;
				CLANG_WARN_INFINITE_RECURSION = YES;
				CLANG_WARN_INT_CONVERSION = YES;
				CLANG_WARN_NON_LITERAL_NULL_CONVERSION = YES;
				CLANG_WARN_OBJC_IMPLICIT_RETAIN_SELF = YES;
				CLANG_WARN_OBJC_LITERAL_CONVERSION = YES;
				CLANG_WARN_OBJC_ROOT_CLASS = YES_ERROR;
				CLANG_WARN_QUOTED_INCLUDE_IN_FRAMEWORK_HEADER = YES;
				CLANG_WARN_RANGE_LOOP_ANALYSIS = YES;
				CLANG_WARN_STRICT_PROTOTYPES = YES;
				CLANG_WARN_SUSPICIOUS_MOVE = YES;
				CLANG_WARN_UNGUARDED_AVAILABILITY = YES_AGGRESSIVE;
				CLANG_WARN_UNREACHABLE_CODE = YES;
				CLANG_WARN__DUPLICATE_METHOD_MATCH = YES;
				COPY_PHASE_STRIP = NO;
				DEBUG_INFORMATION_FORMAT = dwarf;
				ENABLE_STRICT_OBJC_MSGSEND = YES;
				ENABLE_TESTABILITY = YES;
				GCC_C_LANGUAGE_STANDARD = gnu11;
				GCC_DYNAMIC_NO_PIC = NO;
				GCC_NO_COMMON_BLOCKS = YES;
				GCC_OPTIMIZATION_LEVEL = 0;
				GCC_PREPROCESSOR_DEFINITIONS = (
					"DEBUG=1",
					"$(inherited)",
				);
				GCC_WARN_64_TO_32_BIT_CONVERSION = YES;
				GCC_WARN_ABOUT_RETURN_TYPE = YES_ERROR;
				GCC_WARN_UNDECLARED_SELECTOR = YES;
				GCC_WARN_UNINITIALIZED_AUTOS = YES_AGGRESSIVE;
				GCC_WARN_UNUSED_FUNCTION = YES;
				GCC_WARN_UNUSED_VARIABLE = YES;
				IPHONEOS_DEPLOYMENT_TARGET = 16.2;
				MTL_ENABLE_DEBUG_INFO = INCLUDE_SOURCE;
				MTL_FAST_MATH = YES;
				ONLY_ACTIVE_ARCH = YES;
				SDKROOT = iphoneos;
				SWIFT_ACTIVE_COMPILATION_CONDITIONS = DEBUG;
				SWIFT_OPTIMIZATION_LEVEL = "-Onone";
			};
			name = Debug;
		};
		E9A916DC29A5A6B200471480 /* Release */ = {
			isa = XCBuildConfiguration;
			buildSettings = {
				ALWAYS_SEARCH_USER_PATHS = NO;
				CLANG_ANALYZER_NONNULL = YES;
				CLANG_ANALYZER_NUMBER_OBJECT_CONVERSION = YES_AGGRESSIVE;
				CLANG_CXX_LANGUAGE_STANDARD = "gnu++20";
				CLANG_ENABLE_MODULES = YES;
				CLANG_ENABLE_OBJC_ARC = YES;
				CLANG_ENABLE_OBJC_WEAK = YES;
				CLANG_WARN_BLOCK_CAPTURE_AUTORELEASING = YES;
				CLANG_WARN_BOOL_CONVERSION = YES;
				CLANG_WARN_COMMA = YES;
				CLANG_WARN_CONSTANT_CONVERSION = YES;
				CLANG_WARN_DEPRECATED_OBJC_IMPLEMENTATIONS = YES;
				CLANG_WARN_DIRECT_OBJC_ISA_USAGE = YES_ERROR;
				CLANG_WARN_DOCUMENTATION_COMMENTS = YES;
				CLANG_WARN_EMPTY_BODY = YES;
				CLANG_WARN_ENUM_CONVERSION = YES;
				CLANG_WARN_INFINITE_RECURSION = YES;
				CLANG_WARN_INT_CONVERSION = YES;
				CLANG_WARN_NON_LITERAL_NULL_CONVERSION = YES;
				CLANG_WARN_OBJC_IMPLICIT_RETAIN_SELF = YES;
				CLANG_WARN_OBJC_LITERAL_CONVERSION = YES;
				CLANG_WARN_OBJC_ROOT_CLASS = YES_ERROR;
				CLANG_WARN_QUOTED_INCLUDE_IN_FRAMEWORK_HEADER = YES;
				CLANG_WARN_RANGE_LOOP_ANALYSIS = YES;
				CLANG_WARN_STRICT_PROTOTYPES = YES;
				CLANG_WARN_SUSPICIOUS_MOVE = YES;
				CLANG_WARN_UNGUARDED_AVAILABILITY = YES_AGGRESSIVE;
				CLANG_WARN_UNREACHABLE_CODE = YES;
				CLANG_WARN__DUPLICATE_METHOD_MATCH = YES;
				COPY_PHASE_STRIP = NO;
				DEBUG_INFORMATION_FORMAT = "dwarf-with-dsym";
				ENABLE_NS_ASSERTIONS = NO;
				ENABLE_STRICT_OBJC_MSGSEND = YES;
				GCC_C_LANGUAGE_STANDARD = gnu11;
				GCC_NO_COMMON_BLOCKS = YES;
				GCC_WARN_64_TO_32_BIT_CONVERSION = YES;
				GCC_WARN_ABOUT_RETURN_TYPE = YES_ERROR;
				GCC_WARN_UNDECLARED_SELECTOR = YES;
				GCC_WARN_UNINITIALIZED_AUTOS = YES_AGGRESSIVE;
				GCC_WARN_UNUSED_FUNCTION = YES;
				GCC_WARN_UNUSED_VARIABLE = YES;
				IPHONEOS_DEPLOYMENT_TARGET = 16.2;
				MTL_ENABLE_DEBUG_INFO = NO;
				MTL_FAST_MATH = YES;
				SDKROOT = iphoneos;
				SWIFT_COMPILATION_MODE = wholemodule;
				SWIFT_OPTIMIZATION_LEVEL = "-O";
				VALIDATE_PRODUCT = YES;
			};
			name = Release;
		};
		E9A916DE29A5A6B200471480 /* Debug */ = {
			isa = XCBuildConfiguration;
			buildSettings = {
				ASSETCATALOG_COMPILER_APPICON_NAME = AppIcon;
				ASSETCATALOG_COMPILER_GLOBAL_ACCENT_COLOR_NAME = AccentColor;
				CODE_SIGN_STYLE = Automatic;
				CURRENT_PROJECT_VERSION = 1;
				DEVELOPMENT_ASSET_PATHS = "\"hw3/Preview Content\"";
				DEVELOPMENT_TEAM = T8TJB4NCSX;
				ENABLE_PREVIEWS = YES;
				GENERATE_INFOPLIST_FILE = YES;
				INFOPLIST_KEY_UIApplicationSceneManifest_Generation = YES;
				INFOPLIST_KEY_UIApplicationSupportsIndirectInputEvents = YES;
				INFOPLIST_KEY_UILaunchScreen_Generation = YES;
				INFOPLIST_KEY_UISupportedInterfaceOrientations_iPad = "UIInterfaceOrientationPortrait UIInterfaceOrientationPortraitUpsideDown UIInterfaceOrientationLandscapeLeft UIInterfaceOrientationLandscapeRight";
				INFOPLIST_KEY_UISupportedInterfaceOrientations_iPhone = "UIInterfaceOrientationPortrait UIInterfaceOrientationLandscapeLeft UIInterfaceOrientationLandscapeRight";
				LD_RUNPATH_SEARCH_PATHS = (
					"$(inherited)",
					"@executable_path/Frameworks",
				);
				MARKETING_VERSION = 1.0;
				PRODUCT_BUNDLE_IDENTIFIER = enyado.hw3;
				PRODUCT_NAME = "$(TARGET_NAME)";
				SWIFT_EMIT_LOC_STRINGS = YES;
				SWIFT_VERSION = 5.0;
				TARGETED_DEVICE_FAMILY = "1,2";
			};
			name = Debug;
		};
		E9A916DF29A5A6B200471480 /* Release */ = {
			isa = XCBuildConfiguration;
			buildSettings = {
				ASSETCATALOG_COMPILER_APPICON_NAME = AppIcon;
				ASSETCATALOG_COMPILER_GLOBAL_ACCENT_COLOR_NAME = AccentColor;
				CODE_SIGN_STYLE = Automatic;
				CURRENT_PROJECT_VERSION = 1;
				DEVELOPMENT_ASSET_PATHS = "\"hw3/Preview Content\"";
				DEVELOPMENT_TEAM = T8TJB4NCSX;
				ENABLE_PREVIEWS = YES;
				GENERATE_INFOPLIST_FILE = YES;
				INFOPLIST_KEY_UIApplicationSceneManifest_Generation = YES;
				INFOPLIST_KEY_UIApplicationSupportsIndirectInputEvents = YES;
				INFOPLIST_KEY_UILaunchScreen_Generation = YES;
				INFOPLIST_KEY_UISupportedInterfaceOrientations_iPad = "UIInterfaceOrientationPortrait UIInterfaceOrientationPortraitUpsideDown UIInterfaceOrientationLandscapeLeft UIInterfaceOrientationLandscapeRight";
				INFOPLIST_KEY_UISupportedInterfaceOrientations_iPhone = "UIInterfaceOrientationPortrait UIInterfaceOrientationLandscapeLeft UIInterfaceOrientationLandscapeRight";
				LD_RUNPATH_SEARCH_PATHS = (
					"$(inherited)",
					"@executable_path/Frameworks",
				);
				MARKETING_VERSION = 1.0;
				PRODUCT_BUNDLE_IDENTIFIER = enyado.hw3;
				PRODUCT_NAME = "$(TARGET_NAME)";
				SWIFT_EMIT_LOC_STRINGS = YES;
				SWIFT_VERSION = 5.0;
				TARGETED_DEVICE_FAMILY = "1,2";
			};
			name = Release;
		};
		E9A916E129A5A6B200471480 /* Debug */ = {
			isa = XCBuildConfiguration;
			buildSettings = {
				ALWAYS_EMBED_SWIFT_STANDARD_LIBRARIES = YES;
				BUNDLE_LOADER = "$(TEST_HOST)";
				CODE_SIGN_STYLE = Automatic;
				CURRENT_PROJECT_VERSION = 1;
				DEVELOPMENT_TEAM = T8TJB4NCSX;
				GENERATE_INFOPLIST_FILE = YES;
				IPHONEOS_DEPLOYMENT_TARGET = 16.2;
				MARKETING_VERSION = 1.0;
				PRODUCT_BUNDLE_IDENTIFIER = enyado.hw3Tests;
				PRODUCT_NAME = "$(TARGET_NAME)";
				SWIFT_EMIT_LOC_STRINGS = NO;
				SWIFT_VERSION = 5.0;
				TARGETED_DEVICE_FAMILY = "1,2";
				TEST_HOST = "$(BUILT_PRODUCTS_DIR)/hw3.app/$(BUNDLE_EXECUTABLE_FOLDER_PATH)/hw3";
			};
			name = Debug;
		};
		E9A916E229A5A6B200471480 /* Release */ = {
			isa = XCBuildConfiguration;
			buildSettings = {
				ALWAYS_EMBED_SWIFT_STANDARD_LIBRARIES = YES;
				BUNDLE_LOADER = "$(TEST_HOST)";
				CODE_SIGN_STYLE = Automatic;
				CURRENT_PROJECT_VERSION = 1;
				DEVELOPMENT_TEAM = T8TJB4NCSX;
				GENERATE_INFOPLIST_FILE = YES;
				IPHONEOS_DEPLOYMENT_TARGET = 16.2;
				MARKETING_VERSION = 1.0;
				PRODUCT_BUNDLE_IDENTIFIER = enyado.hw3Tests;
				PRODUCT_NAME = "$(TARGET_NAME)";
				SWIFT_EMIT_LOC_STRINGS = NO;
				SWIFT_VERSION = 5.0;
				TARGETED_DEVICE_FAMILY = "1,2";
				TEST_HOST = "$(BUILT_PRODUCTS_DIR)/hw3.app/$(BUNDLE_EXECUTABLE_FOLDER_PATH)/hw3";
			};
			name = Release;
		};
		E9A916E429A5A6B200471480 /* Debug */ = {
			isa = XCBuildConfiguration;
			buildSettings = {
				ALWAYS_EMBED_SWIFT_STANDARD_LIBRARIES = YES;
				CODE_SIGN_STYLE = Automatic;
				CURRENT_PROJECT_VERSION = 1;
				DEVELOPMENT_TEAM = T8TJB4NCSX;
				GENERATE_INFOPLIST_FILE = YES;
				MARKETING_VERSION = 1.0;
				PRODUCT_BUNDLE_IDENTIFIER = enyado.hw3UITests;
				PRODUCT_NAME = "$(TARGET_NAME)";
				SWIFT_EMIT_LOC_STRINGS = NO;
				SWIFT_VERSION = 5.0;
				TARGETED_DEVICE_FAMILY = "1,2";
				TEST_TARGET_NAME = hw3;
			};
			name = Debug;
		};
		E9A916E529A5A6B200471480 /* Release */ = {
			isa = XCBuildConfiguration;
			buildSettings = {
				ALWAYS_EMBED_SWIFT_STANDARD_LIBRARIES = YES;
				CODE_SIGN_STYLE = Automatic;
				CURRENT_PROJECT_VERSION = 1;
				DEVELOPMENT_TEAM = T8TJB4NCSX;
				GENERATE_INFOPLIST_FILE = YES;
				MARKETING_VERSION = 1.0;
				PRODUCT_BUNDLE_IDENTIFIER = enyado.hw3UITests;
				PRODUCT_NAME = "$(TARGET_NAME)";
				SWIFT_EMIT_LOC_STRINGS = NO;
				SWIFT_VERSION = 5.0;
				TARGETED_DEVICE_FAMILY = "1,2";
				TEST_TARGET_NAME = hw3;
			};
			name = Release;
		};
/* End XCBuildConfiguration section */

/* Begin XCConfigurationList section */
		E9A916B429A5A6AF00471480 /* Build configuration list for PBXProject "hw3" */ = {
			isa = XCConfigurationList;
			buildConfigurations = (
				E9A916DB29A5A6B200471480 /* Debug */,
				E9A916DC29A5A6B200471480 /* Release */,
			);
			defaultConfigurationIsVisible = 0;
			defaultConfigurationName = Release;
		};
		E9A916DD29A5A6B200471480 /* Build configuration list for PBXNativeTarget "hw3" */ = {
			isa = XCConfigurationList;
			buildConfigurations = (
				E9A916DE29A5A6B200471480 /* Debug */,
				E9A916DF29A5A6B200471480 /* Release */,
			);
			defaultConfigurationIsVisible = 0;
			defaultConfigurationName = Release;
		};
		E9A916E029A5A6B200471480 /* Build configuration list for PBXNativeTarget "hw3Tests" */ = {
			isa = XCConfigurationList;
			buildConfigurations = (
				E9A916E129A5A6B200471480 /* Debug */,
				E9A916E229A5A6B200471480 /* Release */,
			);
			defaultConfigurationIsVisible = 0;
			defaultConfigurationName = Release;
		};
		E9A916E329A5A6B200471480 /* Build configuration list for PBXNativeTarget "hw3UITests" */ = {
			isa = XCConfigurationList;
			buildConfigurations = (
				E9A916E429A5A6B200471480 /* Debug */,
				E9A916E529A5A6B200471480 /* Release */,
			);
			defaultConfigurationIsVisible = 0;
			defaultConfigurationName = Release;
		};
/* End XCConfigurationList section */
	};
	rootObject = E9A916B129A5A6AF00471480 /* Project object */;
}
